
Microsoft Visual Studio Solution File, Format Version 12.00
# Visual Studio Version 17
VisualStudioVersion = 17.8.34525.116
MinimumVisualStudioVersion = 10.0.40219.1
Project("{9A19103F-16F7-4668-BE54-9A1E7A4F7556}") = "OCS.AdminApp", "OCS.AdminApp\OCS.AdminApp.csproj", "{7129115A-6D9A-4CB8-911D-18452D33F67E}"
EndProject
Project("{9A19103F-16F7-4668-BE54-9A1E7A4F7556}") = "OCS.ClientApp", "OCS.ClientApp\OCS.ClientApp.csproj", "{81E93717-BE3C-4D3A-B61C-DBBB3F308ABD}"
EndProject
Project("{2150E333-8FDC-42A3-9474-1A3956D46DE8}") = "NTier", "NTier", "{88CECD92-9899-4CB4-A4C6-8DFD101BB358}"
EndProject
Project("{9A19103F-16F7-4668-BE54-9A1E7A4F7556}") = "OCS.Entities", "NTier\OCS.Entities\OCS.Entities.csproj", "{697FDECC-344E-4C67-9DFC-F168088DE1CC}"
EndProject
Project("{9A19103F-16F7-4668-BE54-9A1E7A4F7556}") = "OCS.BLL", "NTier\OCS.BLL\OCS.BLL.csproj", "{3B41E6A1-AD73-4C6D-BC9F-C382B58CD61A}"
EndProject
Project("{9A19103F-16F7-4668-BE54-9A1E7A4F7556}") = "OCS.DAL", "NTier\OCS.DAL\OCS.DAL.csproj", "{542F6F07-706E-4D8E-B0E1-8656B55811F2}"
EndProject
Project("{9A19103F-16F7-4668-BE54-9A1E7A4F7556}") = "OCS.Common", "NTier\OCS.Common\OCS.Common.csproj", "{2D5BD24E-F656-45CA-94C5-8310EB073E4C}"
EndProject
Project("{9A19103F-16F7-4668-BE54-9A1E7A4F7556}") = "OCS.ViewModel", "NTier\OCS.ViewModel\OCS.ViewModel.csproj", "{031FD0D9-FF47-45CB-BAAF-F76F1F54D0D6}"
EndProject
Project("{9A19103F-16F7-4668-BE54-9A1E7A4F7556}") = "OCS.DTO", "NTier\OCS.DTO\OCS.DTO.csproj", "{7AF8BB6E-FCE2-4E9E-B0AE-2675717CB247}"
EndProject
Project("{FAE04EC0-301F-11D3-BF4B-00C04F79EFBC}") = "OCS.API", "OCS.API\OCS.API.csproj", "{5ED6907B-725F-4ED7-991C-7C02734BF13C}"
EndProject
Global
	GlobalSection(SolutionConfigurationPlatforms) = preSolution
		Debug|Any CPU = Debug|Any CPU
		Release|Any CPU = Release|Any CPU
	EndGlobalSection
	GlobalSection(ProjectConfigurationPlatforms) = postSolution
		{7129115A-6D9A-4CB8-911D-18452D33F67E}.Debug|Any CPU.ActiveCfg = Debug|Any CPU
		{7129115A-6D9A-4CB8-911D-18452D33F67E}.Debug|Any CPU.Build.0 = Debug|Any CPU
		{7129115A-6D9A-4CB8-911D-18452D33F67E}.Release|Any CPU.ActiveCfg = Release|Any CPU
		{7129115A-6D9A-4CB8-911D-18452D33F67E}.Release|Any CPU.Build.0 = Release|Any CPU
		{81E93717-BE3C-4D3A-B61C-DBBB3F308ABD}.Debug|Any CPU.ActiveCfg = Debug|Any CPU
		{81E93717-BE3C-4D3A-B61C-DBBB3F308ABD}.Debug|Any CPU.Build.0 = Debug|Any CPU
		{81E93717-BE3C-4D3A-B61C-DBBB3F308ABD}.Release|Any CPU.ActiveCfg = Release|Any CPU
		{81E93717-BE3C-4D3A-B61C-DBBB3F308ABD}.Release|Any CPU.Build.0 = Release|Any CPU
		{697FDECC-344E-4C67-9DFC-F168088DE1CC}.Debug|Any CPU.ActiveCfg = Debug|Any CPU
		{697FDECC-344E-4C67-9DFC-F168088DE1CC}.Debug|Any CPU.Build.0 = Debug|Any CPU
		{697FDECC-344E-4C67-9DFC-F168088DE1CC}.Release|Any CPU.ActiveCfg = Release|Any CPU
		{697FDECC-344E-4C67-9DFC-F168088DE1CC}.Release|Any CPU.Build.0 = Release|Any CPU
		{3B41E6A1-AD73-4C6D-BC9F-C382B58CD61A}.Debug|Any CPU.ActiveCfg = Debug|Any CPU
		{3B41E6A1-AD73-4C6D-BC9F-C382B58CD61A}.Debug|Any CPU.Build.0 = Debug|Any CPU
		{3B41E6A1-AD73-4C6D-BC9F-C382B58CD61A}.Release|Any CPU.ActiveCfg = Release|Any CPU
		{3B41E6A1-AD73-4C6D-BC9F-C382B58CD61A}.Release|Any CPU.Build.0 = Release|Any CPU
		{542F6F07-706E-4D8E-B0E1-8656B55811F2}.Debug|Any CPU.ActiveCfg = Debug|Any CPU
		{542F6F07-706E-4D8E-B0E1-8656B55811F2}.Debug|Any CPU.Build.0 = Debug|Any CPU
		{542F6F07-706E-4D8E-B0E1-8656B55811F2}.Release|Any CPU.ActiveCfg = Release|Any CPU
		{542F6F07-706E-4D8E-B0E1-8656B55811F2}.Release|Any CPU.Build.0 = Release|Any CPU
		{2D5BD24E-F656-45CA-94C5-8310EB073E4C}.Debug|Any CPU.ActiveCfg = Debug|Any CPU
		{2D5BD24E-F656-45CA-94C5-8310EB073E4C}.Debug|Any CPU.Build.0 = Debug|Any CPU
		{2D5BD24E-F656-45CA-94C5-8310EB073E4C}.Release|Any CPU.ActiveCfg = Release|Any CPU
		{2D5BD24E-F656-45CA-94C5-8310EB073E4C}.Release|Any CPU.Build.0 = Release|Any CPU
		{031FD0D9-FF47-45CB-BAAF-F76F1F54D0D6}.Debug|Any CPU.ActiveCfg = Debug|Any CPU
		{031FD0D9-FF47-45CB-BAAF-F76F1F54D0D6}.Debug|Any CPU.Build.0 = Debug|Any CPU
		{031FD0D9-FF47-45CB-BAAF-F76F1F54D0D6}.Release|Any CPU.ActiveCfg = Release|Any CPU
		{031FD0D9-FF47-45CB-BAAF-F76F1F54D0D6}.Release|Any CPU.Build.0 = Release|Any CPU
		{7AF8BB6E-FCE2-4E9E-B0AE-2675717CB247}.Debug|Any CPU.ActiveCfg = Debug|Any CPU
		{7AF8BB6E-FCE2-4E9E-B0AE-2675717CB247}.Debug|Any CPU.Build.0 = Debug|Any CPU
		{7AF8BB6E-FCE2-4E9E-B0AE-2675717CB247}.Release|Any CPU.ActiveCfg = Release|Any CPU
		{7AF8BB6E-FCE2-4E9E-B0AE-2675717CB247}.Release|Any CPU.Build.0 = Release|Any CPU
		{5ED6907B-725F-4ED7-991C-7C02734BF13C}.Debug|Any CPU.ActiveCfg = Debug|Any CPU
		{5ED6907B-725F-4ED7-991C-7C02734BF13C}.Debug|Any CPU.Build.0 = Debug|Any CPU
		{5ED6907B-725F-4ED7-991C-7C02734BF13C}.Release|Any CPU.ActiveCfg = Release|Any CPU
		{5ED6907B-725F-4ED7-991C-7C02734BF13C}.Release|Any CPU.Build.0 = Release|Any CPU
	EndGlobalSection
	GlobalSection(SolutionProperties) = preSolution
		HideSolutionNode = FALSE
	EndGlobalSection
	GlobalSection(NestedProjects) = preSolution
		{697FDECC-344E-4C67-9DFC-F168088DE1CC} = {88CECD92-9899-4CB4-A4C6-8DFD101BB358}
		{3B41E6A1-AD73-4C6D-BC9F-C382B58CD61A} = {88CECD92-9899-4CB4-A4C6-8DFD101BB358}
		{542F6F07-706E-4D8E-B0E1-8656B55811F2} = {88CECD92-9899-4CB4-A4C6-8DFD101BB358}
		{2D5BD24E-F656-45CA-94C5-8310EB073E4C} = {88CECD92-9899-4CB4-A4C6-8DFD101BB358}
		{031FD0D9-FF47-45CB-BAAF-F76F1F54D0D6} = {88CECD92-9899-4CB4-A4C6-8DFD101BB358}
		{7AF8BB6E-FCE2-4E9E-B0AE-2675717CB247} = {88CECD92-9899-4CB4-A4C6-8DFD101BB358}
	EndGlobalSection
	GlobalSection(ExtensibilityGlobals) = postSolution
		SolutionGuid = {4DA9A721-0D31-4F22-B71E-4E53DFA93BDA}
	EndGlobalSection
EndGlobal
